
Microsoft Visual Studio Solution File, Format Version 12.00
# Visual Studio Version 16
VisualStudioVersion = 16.0.808.4
MinimumVisualStudioVersion = 10.0.40219.1
Project("{9344BDBB-3E7F-41FC-A0DD-8665D75EE146}") = "Acupuncture", "Acupuncture\Acupuncture.csproj", "{5CF741AA-1501-4A02-9EE7-9290DEB4D0EB}"
EndProject
Global
	GlobalSection(SolutionConfigurationPlatforms) = preSolution
		Debug|Any CPU = Debug|Any CPU
		Release|Any CPU = Release|Any CPU
	EndGlobalSection
	GlobalSection(ProjectConfigurationPlatforms) = postSolution
		{5CF741AA-1501-4A02-9EE7-9290DEB4D0EB}.Debug|Any CPU.ActiveCfg = Debug|Any CPU
		{5CF741AA-1501-4A02-9EE7-9290DEB4D0EB}.Debug|Any CPU.Build.0 = Debug|Any CPU
		{5CF741AA-1501-4A02-9EE7-9290DEB4D0EB}.Release|Any CPU.ActiveCfg = Release|Any CPU
		{5CF741AA-1501-4A02-9EE7-9290DEB4D0EB}.Release|Any CPU.Build.0 = Release|Any CPU
	EndGlobalSection
	GlobalSection(SolutionProperties) = preSolution
		HideSolutionNode = FALSE
	EndGlobalSection
	GlobalSection(ExtensibilityGlobals) = postSolution
		SolutionGuid = {3CF342F8-6548-4671-A0A1-D95419B3EEF0}
	EndGlobalSection
EndGlobal
